
Microsoft Visual Studio Solution File, Format Version 12.00
# Visual Studio 15
VisualStudioVersion = 15.0.27428.2005
MinimumVisualStudioVersion = 10.0.40219.1
Project("{8BC9CEB8-8B4A-11D0-8D11-00A0C91BC942}") = "Перевод СЧ", "Перевод СЧ\Перевод СЧ.vcxproj", "{8387BCD7-0E5B-4206-91B1-7842C61EA2EC}"
EndProject
Global
	GlobalSection(SolutionConfigurationPlatforms) = preSolution
		Debug|x64 = Debug|x64
		Debug|x86 = Debug|x86
		Release|x64 = Release|x64
		Release|x86 = Release|x86
	EndGlobalSection
	GlobalSection(ProjectConfigurationPlatforms) = postSolution
		{8387BCD7-0E5B-4206-91B1-7842C61EA2EC}.Debug|x64.ActiveCfg = Debug|x64
		{8387BCD7-0E5B-4206-91B1-7842C61EA2EC}.Debug|x64.Build.0 = Debug|x64
		{8387BCD7-0E5B-4206-91B1-7842C61EA2EC}.Debug|x86.ActiveCfg = Debug|Win32
		{8387BCD7-0E5B-4206-91B1-7842C61EA2EC}.Debug|x86.Build.0 = Debug|Win32
		{8387BCD7-0E5B-4206-91B1-7842C61EA2EC}.Release|x64.ActiveCfg = Release|x64
		{8387BCD7-0E5B-4206-91B1-7842C61EA2EC}.Release|x64.Build.0 = Release|x64
		{8387BCD7-0E5B-4206-91B1-7842C61EA2EC}.Release|x86.ActiveCfg = Release|Win32
		{8387BCD7-0E5B-4206-91B1-7842C61EA2EC}.Release|x86.Build.0 = Release|Win32
	EndGlobalSection
	GlobalSection(SolutionProperties) = preSolution
		HideSolutionNode = FALSE
	EndGlobalSection
	GlobalSection(ExtensibilityGlobals) = postSolution
		SolutionGuid = {E73AD6DD-3ED9-4160-9EF2-5CD9B363995B}
	EndGlobalSection
EndGlobal
